
Microsoft Visual Studio Solution File, Format Version 12.00
# Visual Studio Version 17
VisualStudioVersion = 17.14.36310.24 d17.14
MinimumVisualStudioVersion = 10.0.40219.1
Project("{FAE04EC0-301F-11D3-BF4B-00C04F79EFBC}") = "InventoryManagementSystem", "InventoryManagementSystem.csproj", "{3D70DF5E-0893-486F-BEB4-7396EC2671AE}"
EndProject
Global
	GlobalSection(SolutionConfigurationPlatforms) = preSolution
		Debug|Any CPU = Debug|Any CPU
		Release|Any CPU = Release|Any CPU
	EndGlobalSection
	GlobalSection(ProjectConfigurationPlatforms) = postSolution
		{3D70DF5E-0893-486F-BEB4-7396EC2671AE}.Debug|Any CPU.ActiveCfg = Debug|Any CPU
		{3D70DF5E-0893-486F-BEB4-7396EC2671AE}.Debug|Any CPU.Build.0 = Debug|Any CPU
		{3D70DF5E-0893-486F-BEB4-7396EC2671AE}.Release|Any CPU.ActiveCfg = Release|Any CPU
		{3D70DF5E-0893-486F-BEB4-7396EC2671AE}.Release|Any CPU.Build.0 = Release|Any CPU
	EndGlobalSection
	GlobalSection(SolutionProperties) = preSolution
		HideSolutionNode = FALSE
	EndGlobalSection
	GlobalSection(ExtensibilityGlobals) = postSolution
		SolutionGuid = {112B2603-0248-4D06-8FE6-3A725BC95E22}
	EndGlobalSection
EndGlobal
